
Microsoft Visual Studio Solution File, Format Version 12.00
# Visual Studio Version 17
VisualStudioVersion = 17.5.002.0
MinimumVisualStudioVersion = 10.0.40219.1
Project("{9A19103F-16F7-4668-BE54-9A1E7A4F7556}") = "api", "api\api.csproj", "{D464BD3C-0AA2-48BC-98CF-4A8914156B70}"
EndProject
Global
	GlobalSection(SolutionConfigurationPlatforms) = preSolution
		Debug|Any CPU = Debug|Any CPU
		Release|Any CPU = Release|Any CPU
	EndGlobalSection
	GlobalSection(ProjectConfigurationPlatforms) = postSolution
		{D464BD3C-0AA2-48BC-98CF-4A8914156B70}.Debug|Any CPU.ActiveCfg = Debug|Any CPU
		{D464BD3C-0AA2-48BC-98CF-4A8914156B70}.Debug|Any CPU.Build.0 = Debug|Any CPU
		{D464BD3C-0AA2-48BC-98CF-4A8914156B70}.Release|Any CPU.ActiveCfg = Release|Any CPU
		{D464BD3C-0AA2-48BC-98CF-4A8914156B70}.Release|Any CPU.Build.0 = Release|Any CPU
	EndGlobalSection
	GlobalSection(SolutionProperties) = preSolution
		HideSolutionNode = FALSE
	EndGlobalSection
	GlobalSection(ExtensibilityGlobals) = postSolution
		SolutionGuid = {83819A64-8EFF-4B44-949C-081D3DA08800}
	EndGlobalSection
EndGlobal
